<?xml version="1.0" encoding="utf-8"?>
<Project ToolsVersion="4.0" xmlns="http://schemas.microsoft.com/developer/msbuild/2003">
  <ItemGroup>
    <Filter Include="imgui">
      <UniqueIdentifier>{c336cfe3-f0c4-464c-9ef0-a9e17a7ff222}</UniqueIdentifier>
    </Filter>
    <Filter Include="sources">
      <UniqueIdentifier>{4FC737F1-C7A5-4376-A066-2A32D752A2FF}</UniqueIdentifier>
      <Extensions>cpp;c;cc;cxx;def;odl;idl;hpj;bat;asm;asmx</Extensions>
    </Filter>
    <Filter Include="imgui\utils">
      <UniqueIdentifier>{7830f30c-2e90-4038-9184-320be28c1e6f}</UniqueIdentifier>
    </Filter>
  </ItemGroup>
  <ItemGroup>
    <ClCompile Include="main.cpp">
      <Filter>sources</Filter>
    </ClCompile>
    <ClCompile Include="..\..\imgui.cpp">
      <Filter>imgui</Filter>
    </ClCompile>
    <ClCompile Include="..\..\imgui_demo.cpp">
      <Filter>imgui</Filter>
    </ClCompile>
    <ClCompile Include="..\..\imgui_draw.cpp">
      <Filter>imgui</Filter>
    </ClCompile>
    <ClCompile Include="..\..\imgui_tables.cpp">
      <Filter>imgui</Filter>
    </ClCompile>
    <ClCompile Include="..\..\imgui_widgets.cpp">
      <Filter>imgui</Filter>
    </ClCompile>
    <ClCompile Include="..\..\backends\imgui_impl_glfw.cpp">
      <Filter>sources</Filter>
    </ClCompile>
    <ClCompile Include="..\..\backends\imgui_impl_opengl2.cpp">
      <Filter>sources</Filter>
    </ClCompile>
    <ClCompile Include="..\..\utils\fps_counter.cpp">
      <Filter>imgui\utils</Filter>
    </ClCompile>
    <ClCompile Include="..\..\imgui_style.cpp">
      <Filter>imgui</Filter>
    </ClCompile>
  </ItemGroup>
  <ItemGroup>
    <ClInclude Include="..\..\imconfig.h">
      <Filter>imgui</Filter>
    </ClInclude>
    <ClInclude Include="..\..\imgui.h">
      <Filter>imgui</Filter>
    </ClInclude>
    <ClInclude Include="..\..\imgui_internal.h">
      <Filter>imgui</Filter>
    </ClInclude>
    <ClInclude Include="..\..\backends\imgui_impl_glfw.h">
      <Filter>sources</Filter>
    </ClInclude>
    <ClInclude Include="..\..\backends\imgui_impl_opengl2.h">
      <Filter>sources</Filter>
    </ClInclude>
    <ClInclude Include="..\..\imgui_types.h">
      <Filter>imgui</Filter>
    </ClInclude>
    <ClInclude Include="..\..\utils\fps_counter.h">
      <Filter>imgui\utils</Filter>
    </ClInclude>
    <ClInclude Include="..\..\imgui_style.h">
      <Filter>imgui</Filter>
    </ClInclude>
  </ItemGroup>
  <ItemGroup>
    <None Include="..\README.txt" />
  </ItemGroup>
</Project>